
Microsoft Visual Studio Solution File, Format Version 12.00
# Visual Studio Version 16
VisualStudioVersion = 16.0.29613.14
MinimumVisualStudioVersion = 10.0.40219.1
Project("{FAE04EC0-301F-11D3-BF4B-00C04F79EFBC}") = "example1", "example1.csproj", "{89E6AE57-3E3E-4B32-A11B-C92906CD5C3F}"
EndProject
Project("{FAE04EC0-301F-11D3-BF4B-00C04F79EFBC}") = "threads", "..\threads\threads.csproj", "{EAD7A71D-28BD-4A35-99F8-4790A20A2404}"
EndProject
Global
	GlobalSection(SolutionConfigurationPlatforms) = preSolution
		Debug|Any CPU = Debug|Any CPU
		Release|Any CPU = Release|Any CPU
	EndGlobalSection
	GlobalSection(ProjectConfigurationPlatforms) = postSolution
		{89E6AE57-3E3E-4B32-A11B-C92906CD5C3F}.Debug|Any CPU.ActiveCfg = Debug|Any CPU
		{89E6AE57-3E3E-4B32-A11B-C92906CD5C3F}.Debug|Any CPU.Build.0 = Debug|Any CPU
		{89E6AE57-3E3E-4B32-A11B-C92906CD5C3F}.Release|Any CPU.ActiveCfg = Release|Any CPU
		{89E6AE57-3E3E-4B32-A11B-C92906CD5C3F}.Release|Any CPU.Build.0 = Release|Any CPU
		{EAD7A71D-28BD-4A35-99F8-4790A20A2404}.Debug|Any CPU.ActiveCfg = Debug|Any CPU
		{EAD7A71D-28BD-4A35-99F8-4790A20A2404}.Debug|Any CPU.Build.0 = Debug|Any CPU
		{EAD7A71D-28BD-4A35-99F8-4790A20A2404}.Release|Any CPU.ActiveCfg = Release|Any CPU
		{EAD7A71D-28BD-4A35-99F8-4790A20A2404}.Release|Any CPU.Build.0 = Release|Any CPU
	EndGlobalSection
	GlobalSection(SolutionProperties) = preSolution
		HideSolutionNode = FALSE
	EndGlobalSection
	GlobalSection(ExtensibilityGlobals) = postSolution
		SolutionGuid = {62E76A42-0DFD-484E-93EA-69478F74CD2C}
	EndGlobalSection
EndGlobal
