
Microsoft Visual Studio Solution File, Format Version 12.00
# Visual Studio Version 16
VisualStudioVersion = 16.0.29613.14
MinimumVisualStudioVersion = 10.0.40219.1
Project("{FAE04EC0-301F-11D3-BF4B-00C04F79EFBC}") = "delegate1", "delegate1.csproj", "{D6200475-6C57-4423-9D9B-E85D75F0BB7B}"
EndProject
Project("{FAE04EC0-301F-11D3-BF4B-00C04F79EFBC}") = "ConsoleApp1", "D:\Hamsitha\10-1-2020\ConsoleApp1\ConsoleApp1.csproj", "{296647DA-D9A4-409B-94F2-A56ED6C45F2D}"
EndProject
Project("{FAE04EC0-301F-11D3-BF4B-00C04F79EFBC}") = "ConsoleApp2", "D:\Hamsitha\10-1-2020\ConsoleApp2\ConsoleApp2.csproj", "{CF68677C-5179-422D-8F77-78B589CA4FB6}"
EndProject
Global
	GlobalSection(SolutionConfigurationPlatforms) = preSolution
		Debug|Any CPU = Debug|Any CPU
		Release|Any CPU = Release|Any CPU
	EndGlobalSection
	GlobalSection(ProjectConfigurationPlatforms) = postSolution
		{D6200475-6C57-4423-9D9B-E85D75F0BB7B}.Debug|Any CPU.ActiveCfg = Debug|Any CPU
		{D6200475-6C57-4423-9D9B-E85D75F0BB7B}.Debug|Any CPU.Build.0 = Debug|Any CPU
		{D6200475-6C57-4423-9D9B-E85D75F0BB7B}.Release|Any CPU.ActiveCfg = Release|Any CPU
		{D6200475-6C57-4423-9D9B-E85D75F0BB7B}.Release|Any CPU.Build.0 = Release|Any CPU
		{296647DA-D9A4-409B-94F2-A56ED6C45F2D}.Debug|Any CPU.ActiveCfg = Debug|Any CPU
		{296647DA-D9A4-409B-94F2-A56ED6C45F2D}.Debug|Any CPU.Build.0 = Debug|Any CPU
		{296647DA-D9A4-409B-94F2-A56ED6C45F2D}.Release|Any CPU.ActiveCfg = Release|Any CPU
		{296647DA-D9A4-409B-94F2-A56ED6C45F2D}.Release|Any CPU.Build.0 = Release|Any CPU
		{CF68677C-5179-422D-8F77-78B589CA4FB6}.Debug|Any CPU.ActiveCfg = Debug|Any CPU
		{CF68677C-5179-422D-8F77-78B589CA4FB6}.Debug|Any CPU.Build.0 = Debug|Any CPU
		{CF68677C-5179-422D-8F77-78B589CA4FB6}.Release|Any CPU.ActiveCfg = Release|Any CPU
		{CF68677C-5179-422D-8F77-78B589CA4FB6}.Release|Any CPU.Build.0 = Release|Any CPU
	EndGlobalSection
	GlobalSection(SolutionProperties) = preSolution
		HideSolutionNode = FALSE
	EndGlobalSection
	GlobalSection(ExtensibilityGlobals) = postSolution
		SolutionGuid = {A572216C-548E-4BC1-BCB9-6BBD01A7979F}
	EndGlobalSection
EndGlobal
